// !$*UTF8*$!
{
	archiveVersion = 1;
	classes = {
	};
	objectVersion = 46;
	objects = {

/* Begin PBXBuildFile section */
		A24D4DFB1DB9F05C007BD092 /* BlueToothPrint.m in Sources */ = {isa = PBXBuildFile; fileRef = A24D4DFA1DB9F05C007BD092 /* BlueToothPrint.m */; };
		A2A07E041DB8689B009B8BF9 /* BlueToothPrintManager.m in Sources */ = {isa = PBXBuildFile; fileRef = A2A07E031DB8689B009B8BF9 /* BlueToothPrintManager.m */; };
		A2C45EA81DB9B27300EC2995 /* libUartLib.a in Frameworks */ = {isa = PBXBuildFile; fileRef = A2C45EA61DB9B27300EC2995 /* libUartLib.a */; };
		A2C45EAB1DB9B2F400EC2995 /* BlueToothPrinter.m in Sources */ = {isa = PBXBuildFile; fileRef = A2C45EAA1DB9B2F400EC2995 /* BlueToothPrinter.m */; };
		A2C45EAE1DB9B4AF00EC2995 /* BlueToothPrinterListView.m in Sources */ = {isa = PBXBuildFile; fileRef = A2C45EAD1DB9B4AF00EC2995 /* BlueToothPrinterListView.m */; };
/* End PBXBuildFile section */

/* Begin PBXCopyFilesBuildPhase section */
		A2A07DCB1DB86146009B8BF9 /* CopyFiles */ = {
			isa = PBXCopyFilesBuildPhase;
			buildActionMask = 2147483647;
			dstPath = "include/$(PRODUCT_NAME)";
			dstSubfolderSpec = 16;
			files = (
			);
			runOnlyForDeploymentPostprocessing = 0;
		};
/* End PBXCopyFilesBuildPhase section */

/* Begin PBXFileReference section */
		A24D4DF91DB9F05C007BD092 /* BlueToothPrint.h */ = {isa = PBXFileReference; fileEncoding = 4; lastKnownFileType = sourcecode.c.h; path = BlueToothPrint.h; sourceTree = "<group>"; };
		A24D4DFA1DB9F05C007BD092 /* BlueToothPrint.m */ = {isa = PBXFileReference; fileEncoding = 4; lastKnownFileType = sourcecode.c.objc; path = BlueToothPrint.m; sourceTree = "<group>"; };
		A2A07DCD1DB86146009B8BF9 /* libBlueToothPrint.a */ = {isa = PBXFileReference; explicitFileType = archive.ar; includeInIndex = 0; path = libBlueToothPrint.a; sourceTree = BUILT_PRODUCTS_DIR; };
		A2A07E021DB8689B009B8BF9 /* BlueToothPrintManager.h */ = {isa = PBXFileReference; fileEncoding = 4; lastKnownFileType = sourcecode.c.h; path = BlueToothPrintManager.h; sourceTree = "<group>"; };
		A2A07E031DB8689B009B8BF9 /* BlueToothPrintManager.m */ = {isa = PBXFileReference; fileEncoding = 4; lastKnownFileType = sourcecode.c.objc; path = BlueToothPrintManager.m; sourceTree = "<group>"; };
		A2C45EA61DB9B27300EC2995 /* libUartLib.a */ = {isa = PBXFileReference; lastKnownFileType = archive.ar; path = libUartLib.a; sourceTree = "<group>"; };
		A2C45EA71DB9B27300EC2995 /* UartLib.h */ = {isa = PBXFileReference; fileEncoding = 4; lastKnownFileType = sourcecode.c.h; path = UartLib.h; sourceTree = "<group>"; };
		A2C45EA91DB9B2F400EC2995 /* BlueToothPrinter.h */ = {isa = PBXFileReference; fileEncoding = 4; lastKnownFileType = sourcecode.c.h; path = BlueToothPrinter.h; sourceTree = "<group>"; };
		A2C45EAA1DB9B2F400EC2995 /* BlueToothPrinter.m */ = {isa = PBXFileReference; fileEncoding = 4; lastKnownFileType = sourcecode.c.objc; path = BlueToothPrinter.m; sourceTree = "<group>"; };
		A2C45EAC1DB9B4AF00EC2995 /* BlueToothPrinterListView.h */ = {isa = PBXFileReference; fileEncoding = 4; lastKnownFileType = sourcecode.c.h; path = BlueToothPrinterListView.h; sourceTree = "<group>"; };
		A2C45EAD1DB9B4AF00EC2995 /* BlueToothPrinterListView.m */ = {isa = PBXFileReference; fileEncoding = 4; lastKnownFileType = sourcecode.c.objc; path = BlueToothPrinterListView.m; sourceTree = "<group>"; };
/* End PBXFileReference section */

/* Begin PBXFrameworksBuildPhase section */
		A2A07DCA1DB86146009B8BF9 /* Frameworks */ = {
			isa = PBXFrameworksBuildPhase;
			buildActionMask = 2147483647;
			files = (
				A2C45EA81DB9B27300EC2995 /* libUartLib.a in Frameworks */,
			);
			runOnlyForDeploymentPostprocessing = 0;
		};
/* End PBXFrameworksBuildPhase section */

/* Begin PBXGroup section */
		A2A07DC41DB86146009B8BF9 = {
			isa = PBXGroup;
			children = (
				A2A07DCF1DB86146009B8BF9 /* BlueToothPrint */,
				A2A07DCE1DB86146009B8BF9 /* Products */,
			);
			sourceTree = "<group>";
		};
		A2A07DCE1DB86146009B8BF9 /* Products */ = {
			isa = PBXGroup;
			children = (
				A2A07DCD1DB86146009B8BF9 /* libBlueToothPrint.a */,
			);
			name = Products;
			sourceTree = "<group>";
		};
		A2A07DCF1DB86146009B8BF9 /* BlueToothPrint */ = {
			isa = PBXGroup;
			children = (
				A2C45EA51DB9B27300EC2995 /* Support */,
				A2A07E021DB8689B009B8BF9 /* BlueToothPrintManager.h */,
				A2A07E031DB8689B009B8BF9 /* BlueToothPrintManager.m */,
				A2C45EA91DB9B2F400EC2995 /* BlueToothPrinter.h */,
				A2C45EAA1DB9B2F400EC2995 /* BlueToothPrinter.m */,
				A2C45EAC1DB9B4AF00EC2995 /* BlueToothPrinterListView.h */,
				A2C45EAD1DB9B4AF00EC2995 /* BlueToothPrinterListView.m */,
				A24D4DF91DB9F05C007BD092 /* BlueToothPrint.h */,
				A24D4DFA1DB9F05C007BD092 /* BlueToothPrint.m */,
			);
			path = BlueToothPrint;
			sourceTree = "<group>";
		};
		A2C45EA51DB9B27300EC2995 /* Support */ = {
			isa = PBXGroup;
			children = (
				A2C45EA61DB9B27300EC2995 /* libUartLib.a */,
				A2C45EA71DB9B27300EC2995 /* UartLib.h */,
			);
			path = Support;
			sourceTree = "<group>";
		};
/* End PBXGroup section */

/* Begin PBXNativeTarget section */
		A2A07DCC1DB86146009B8BF9 /* BlueToothPrint */ = {
			isa = PBXNativeTarget;
			buildConfigurationList = A2A07DD61DB86146009B8BF9 /* Build configuration list for PBXNativeTarget "BlueToothPrint" */;
			buildPhases = (
				A2A07DC91DB86146009B8BF9 /* Sources */,
				A2A07DCA1DB86146009B8BF9 /* Frameworks */,
				A2A07DCB1DB86146009B8BF9 /* CopyFiles */,
			);
			buildRules = (
			);
			dependencies = (
			);
			name = BlueToothPrint;
			productName = BlueToothPrint;
			productReference = A2A07DCD1DB86146009B8BF9 /* libBlueToothPrint.a */;
			productType = "com.apple.product-type.library.static";
		};
/* End PBXNativeTarget section */

/* Begin PBXProject section */
		A2A07DC51DB86146009B8BF9 /* Project object */ = {
			isa = PBXProject;
			attributes = {
				LastUpgradeCheck = 0800;
				ORGANIZATIONNAME = euky;
				TargetAttributes = {
					A2A07DCC1DB86146009B8BF9 = {
						CreatedOnToolsVersion = 8.0;
						ProvisioningStyle = Automatic;
					};
				};
			};
			buildConfigurationList = A2A07DC81DB86146009B8BF9 /* Build configuration list for PBXProject "BlueToothPrint" */;
			compatibilityVersion = "Xcode 3.2";
			developmentRegion = English;
			hasScannedForEncodings = 0;
			knownRegions = (
				en,
			);
			mainGroup = A2A07DC41DB86146009B8BF9;
			productRefGroup = A2A07DCE1DB86146009B8BF9 /* Products */;
			projectDirPath = "";
			projectRoot = "";
			targets = (
				A2A07DCC1DB86146009B8BF9 /* BlueToothPrint */,
			);
		};
/* End PBXProject section */

/* Begin PBXSourcesBuildPhase section */
		A2A07DC91DB86146009B8BF9 /* Sources */ = {
			isa = PBXSourcesBuildPhase;
			buildActionMask = 2147483647;
			files = (
				A2C45EAE1DB9B4AF00EC2995 /* BlueToothPrinterListView.m in Sources */,
				A2A07E041DB8689B009B8BF9 /* BlueToothPrintManager.m in Sources */,
				A24D4DFB1DB9F05C007BD092 /* BlueToothPrint.m in Sources */,
				A2C45EAB1DB9B2F400EC2995 /* BlueToothPrinter.m in Sources */,
			);
			runOnlyForDeploymentPostprocessing = 0;
		};
/* End PBXSourcesBuildPhase section */

/* Begin XCBuildConfiguration section */
		A2A07DD41DB86146009B8BF9 /* Debug */ = {
			isa = XCBuildConfiguration;
			buildSettings = {
				ALWAYS_SEARCH_USER_PATHS = NO;
				CLANG_ANALYZER_NONNULL = YES;
				CLANG_CXX_LANGUAGE_STANDARD = "gnu++0x";
				CLANG_CXX_LIBRARY = "libc++";
				CLANG_ENABLE_MODULES = YES;
				CLANG_ENABLE_OBJC_ARC = YES;
				CLANG_WARN_BOOL_CONVERSION = YES;
				CLANG_WARN_CONSTANT_CONVERSION = YES;
				CLANG_WARN_DIRECT_OBJC_ISA_USAGE = YES_ERROR;
				CLANG_WARN_DOCUMENTATION_COMMENTS = YES;
				CLANG_WARN_EMPTY_BODY = YES;
				CLANG_WARN_ENUM_CONVERSION = YES;
				CLANG_WARN_INFINITE_RECURSION = YES;
				CLANG_WARN_INT_CONVERSION = YES;
				CLANG_WARN_OBJC_ROOT_CLASS = YES_ERROR;
				CLANG_WARN_SUSPICIOUS_MOVES = YES;
				CLANG_WARN_UNREACHABLE_CODE = YES;
				CLANG_WARN__DUPLICATE_METHOD_MATCH = YES;
				"CODE_SIGN_IDENTITY[sdk=iphoneos*]" = "iPhone Developer";
				COPY_PHASE_STRIP = NO;
				DEBUG_INFORMATION_FORMAT = dwarf;
				ENABLE_STRICT_OBJC_MSGSEND = YES;
				ENABLE_TESTABILITY = YES;
				GCC_C_LANGUAGE_STANDARD = gnu99;
				GCC_DYNAMIC_NO_PIC = NO;
				GCC_NO_COMMON_BLOCKS = YES;
				GCC_OPTIMIZATION_LEVEL = 0;
				GCC_PREPROCESSOR_DEFINITIONS = (
					"DEBUG=1",
					"$(inherited)",
				);
				GCC_WARN_64_TO_32_BIT_CONVERSION = YES;
				GCC_WARN_ABOUT_RETURN_TYPE = YES_ERROR;
				GCC_WARN_UNDECLARED_SELECTOR = YES;
				GCC_WARN_UNINITIALIZED_AUTOS = YES_AGGRESSIVE;
				GCC_WARN_UNUSED_FUNCTION = YES;
				GCC_WARN_UNUSED_VARIABLE = YES;
				IPHONEOS_DEPLOYMENT_TARGET = 10.0;
				MTL_ENABLE_DEBUG_INFO = YES;
				ONLY_ACTIVE_ARCH = YES;
				SDKROOT = iphoneos;
			};
			name = Debug;
		};
		A2A07DD51DB86146009B8BF9 /* Release */ = {
			isa = XCBuildConfiguration;
			buildSettings = {
				ALWAYS_SEARCH_USER_PATHS = NO;
				CLANG_ANALYZER_NONNULL = YES;
				CLANG_CXX_LANGUAGE_STANDARD = "gnu++0x";
				CLANG_CXX_LIBRARY = "libc++";
				CLANG_ENABLE_MODULES = YES;
				CLANG_ENABLE_OBJC_ARC = YES;
				CLANG_WARN_BOOL_CONVERSION = YES;
				CLANG_WARN_CONSTANT_CONVERSION = YES;
				CLANG_WARN_DIRECT_OBJC_ISA_USAGE = YES_ERROR;
				CLANG_WARN_DOCUMENTATION_COMMENTS = YES;
				CLANG_WARN_EMPTY_BODY = YES;
				CLANG_WARN_ENUM_CONVERSION = YES;
				CLANG_WARN_INFINITE_RECURSION = YES;
				CLANG_WARN_INT_CONVERSION = YES;
				CLANG_WARN_OBJC_ROOT_CLASS = YES_ERROR;
				CLANG_WARN_SUSPICIOUS_MOVES = YES;
				CLANG_WARN_UNREACHABLE_CODE = YES;
				CLANG_WARN__DUPLICATE_METHOD_MATCH = YES;
				"CODE_SIGN_IDENTITY[sdk=iphoneos*]" = "iPhone Developer";
				COPY_PHASE_STRIP = NO;
				DEBUG_INFORMATION_FORMAT = "dwarf-with-dsym";
				ENABLE_NS_ASSERTIONS = NO;
				ENABLE_STRICT_OBJC_MSGSEND = YES;
				GCC_C_LANGUAGE_STANDARD = gnu99;
				GCC_NO_COMMON_BLOCKS = YES;
				GCC_WARN_64_TO_32_BIT_CONVERSION = YES;
				GCC_WARN_ABOUT_RETURN_TYPE = YES_ERROR;
				GCC_WARN_UNDECLARED_SELECTOR = YES;
				GCC_WARN_UNINITIALIZED_AUTOS = YES_AGGRESSIVE;
				GCC_WARN_UNUSED_FUNCTION = YES;
				GCC_WARN_UNUSED_VARIABLE = YES;
				IPHONEOS_DEPLOYMENT_TARGET = 10.0;
				MTL_ENABLE_DEBUG_INFO = NO;
				SDKROOT = iphoneos;
				VALIDATE_PRODUCT = YES;
			};
			name = Release;
		};
		A2A07DD71DB86146009B8BF9 /* Debug */ = {
			isa = XCBuildConfiguration;
			buildSettings = {
				HEADER_SEARCH_PATHS = (
					"$(SRCROOT)/../../../node_modules/react-native/React/**",
					"$(inherited)",
					/Applications/Xcode.app/Contents/Developer/Toolchains/XcodeDefault.xctoolchain/usr/include,
				);
				LIBRARY_SEARCH_PATHS = (
					"$(inherited)",
					"$(PROJECT_DIR)/BlueToothPrint/Support",
				);
				OTHER_LDFLAGS = "-ObjC";
				PRODUCT_NAME = "$(TARGET_NAME)";
				SKIP_INSTALL = YES;
			};
			name = Debug;
		};
		A2A07DD81DB86146009B8BF9 /* Release */ = {
			isa = XCBuildConfiguration;
			buildSettings = {
				HEADER_SEARCH_PATHS = (
					"$(SRCROOT)/../../../node_modules/react-native/React/**",
					"$(inherited)",
					/Applications/Xcode.app/Contents/Developer/Toolchains/XcodeDefault.xctoolchain/usr/include,
				);
				LIBRARY_SEARCH_PATHS = (
					"$(inherited)",
					"$(PROJECT_DIR)/BlueToothPrint/Support",
				);
				OTHER_LDFLAGS = "-ObjC";
				PRODUCT_NAME = "$(TARGET_NAME)";
				SKIP_INSTALL = YES;
			};
			name = Release;
		};
/* End XCBuildConfiguration section */

/* Begin XCConfigurationList section */
		A2A07DC81DB86146009B8BF9 /* Build configuration list for PBXProject "BlueToothPrint" */ = {
			isa = XCConfigurationList;
			buildConfigurations = (
				A2A07DD41DB86146009B8BF9 /* Debug */,
				A2A07DD51DB86146009B8BF9 /* Release */,
			);
			defaultConfigurationIsVisible = 0;
			defaultConfigurationName = Release;
		};
		A2A07DD61DB86146009B8BF9 /* Build configuration list for PBXNativeTarget "BlueToothPrint" */ = {
			isa = XCConfigurationList;
			buildConfigurations = (
				A2A07DD71DB86146009B8BF9 /* Debug */,
				A2A07DD81DB86146009B8BF9 /* Release */,
			);
			defaultConfigurationIsVisible = 0;
			defaultConfigurationName = Release;
		};
/* End XCConfigurationList section */
	};
	rootObject = A2A07DC51DB86146009B8BF9 /* Project object */;
}
